
Microsoft Visual Studio Solution File, Format Version 12.00
# Visual Studio Version 16
VisualStudioVersion = 16.0.31129.286
MinimumVisualStudioVersion = 10.0.40219.1
Project("{9A19103F-16F7-4668-BE54-9A1E7A4F7556}") = "EX01HelloWorld", "EX01HelloWorld\EX01HelloWorld.csproj", "{18BA39A2-DF8A-4A26-9C31-67D84B6E8BEA}"
EndProject
Project("{9A19103F-16F7-4668-BE54-9A1E7A4F7556}") = "EX02Datatypes", "EX02Datatypes\EX02Datatypes.csproj", "{C3E87713-446A-49F3-9CCA-7FBFDF069946}"
EndProject
Project("{9A19103F-16F7-4668-BE54-9A1E7A4F7556}") = "EX03ConsolePlay", "EX03ConsolePlay\EX03ConsolePlay.csproj", "{6615F124-B237-429D-9065-A39523F1EF2A}"
EndProject
Project("{2150E333-8FDC-42A3-9474-1A3956D46DE8}") = "Solution Items", "Solution Items", "{316CCF52-995E-4E86-80C0-AC5073F9E72A}"
	ProjectSection(SolutionItems) = preProject
		.editorconfig = .editorconfig
	EndProjectSection
EndProject
Project("{9A19103F-16F7-4668-BE54-9A1E7A4F7556}") = "EX04ReadLine", "EX04ReadLine\EX04ReadLine.csproj", "{23FDA1F4-DD4A-4293-83C3-342B2733F132}"
EndProject
Project("{9A19103F-16F7-4668-BE54-9A1E7A4F7556}") = "EX05Arithmetic", "EX05Arithmetic\EX05Arithmetic.csproj", "{D769E500-0D94-4C28-9F2D-B36279F2F517}"
EndProject
Project("{9A19103F-16F7-4668-BE54-9A1E7A4F7556}") = "EX06aComparisonOperators", "EX06aComparisonOperators\EX06aComparisonOperators.csproj", "{83112ABD-316C-468D-8F31-18C0B2384B17}"
EndProject
Project("{9A19103F-16F7-4668-BE54-9A1E7A4F7556}") = "EX06bComparisonOperators", "EX06bComparisonOperators\EX06bComparisonOperators.csproj", "{1AAAC888-CF55-4C79-A400-925D56E3E947}"
EndProject
Project("{9A19103F-16F7-4668-BE54-9A1E7A4F7556}") = "EX07SelectionIfElse", "EX07SelectionIfElse\EX07SelectionIfElse.csproj", "{8EF6F0BF-8B34-4F2A-9D9F-59363AC04E0B}"
EndProject
Project("{9A19103F-16F7-4668-BE54-9A1E7A4F7556}") = "EX13Arrays", "EX13Arrays\EX13Arrays.csproj", "{25BCCA94-1FD6-42FA-B328-E92AB3F6CD44}"
EndProject
Project("{9A19103F-16F7-4668-BE54-9A1E7A4F7556}") = "EX14Lists", "EX14Lists\EX14Lists.csproj", "{40B001A2-EE46-4189-B1B6-1A2BC59934FE}"
EndProject
Project("{9A19103F-16F7-4668-BE54-9A1E7A4F7556}") = "TEST1-ImperativTest", "TEST1-ImperativTest\TEST1-ImperativTest.csproj", "{2BF9ADE0-F23D-4498-B78E-99A69A6643FD}"
EndProject
Project("{9A19103F-16F7-4668-BE54-9A1E7A4F7556}") = "TEST-Methods.Opg1.1", "TEST-Methods.Opg1.1\TEST-Methods.Opg1.1.csproj", "{7C277824-4B3F-405D-A845-C1FD11B0D110}"
EndProject
Project("{9A19103F-16F7-4668-BE54-9A1E7A4F7556}") = "TEST-Methods.Opg1.2", "TEST-Methods.Opg1.2\TEST-Methods.Opg1.2.csproj", "{C522FC95-5C53-4BEC-828A-FA6DA048D5FF}"
EndProject
Project("{9A19103F-16F7-4668-BE54-9A1E7A4F7556}") = "TEST-Methods.Opg1.3", "TEST-Methods.Opg.1.3\TEST-Methods.Opg1.3.csproj", "{1C707369-75D4-4578-889C-28A9AC7F24F7}"
EndProject
Project("{9A19103F-16F7-4668-BE54-9A1E7A4F7556}") = "TEST-Methods.Opg1.4", "TEST-Methods.Opg1.4\TEST-Methods.Opg1.4.csproj", "{216015EB-AB0C-478C-A727-035E77DD8830}"
EndProject
Project("{9A19103F-16F7-4668-BE54-9A1E7A4F7556}") = "TEST-Methods.Opg1.5", "TEST-Methods.Opg1.5\TEST-Methods.Opg1.5.csproj", "{C0BB13A5-2F8F-420D-AF23-25B055BF225E}"
EndProject
Project("{9A19103F-16F7-4668-BE54-9A1E7A4F7556}") = "TEST-Methods.Opg1.6", "TEST-Methods.Opg1.6\TEST-Methods.Opg1.6.csproj", "{1D6C8C9E-D72F-4DEA-9197-4F66F8374FD3}"
EndProject
Project("{9A19103F-16F7-4668-BE54-9A1E7A4F7556}") = "TEST-Methods.Opg1.7", "TEST-Methods.Opg1.7\TEST-Methods.Opg1.7.csproj", "{5E23C8A9-D6EE-4F69-A5D1-327F8BAB2C86}"
EndProject
Project("{9A19103F-16F7-4668-BE54-9A1E7A4F7556}") = "TEST-Methods.Opg1.8", "TEST-Methods.Opg1.8\TEST-Methods.Opg1.8.csproj", "{86882187-7D9E-48F5-A909-760F6FDA8AF8}"
EndProject
Project("{9A19103F-16F7-4668-BE54-9A1E7A4F7556}") = "TEST-Methods.Opg1.9", "TEST-Methods.Opg1.9\TEST-Methods.Opg1.9.csproj", "{3DBB4773-02FE-4442-9E22-6EEEB1E140C2}"
EndProject
Project("{9A19103F-16F7-4668-BE54-9A1E7A4F7556}") = "TEST-Methods.Opg1.10", "TEST-Methods.Opg1.10\TEST-Methods.Opg1.10.csproj", "{CF041BB7-D013-4D55-AE0A-ECA7EFA9FF86}"
EndProject
Project("{9A19103F-16F7-4668-BE54-9A1E7A4F7556}") = "TEST-Methods.Opg1.11", "TEST-Methods.Opg1.11\TEST-Methods.Opg1.11.csproj", "{B730ECDD-2894-421A-882C-CC5831277D70}"
EndProject
Project("{9A19103F-16F7-4668-BE54-9A1E7A4F7556}") = "TEST-Methods.Opg2.1", "TEST-Methods.Opg2.1\TEST-Methods.Opg2.1.csproj", "{3BA674E6-D485-48AC-9B22-BFCEACCBA489}"
EndProject
Project("{9A19103F-16F7-4668-BE54-9A1E7A4F7556}") = "TEST-Methods.Opg2.2", "TEST-Methods.Opg2.2\TEST-Methods.Opg2.2.csproj", "{3DC2DA3A-44BC-47CF-9575-C6AE9F9771A9}"
EndProject
Project("{FAE04EC0-301F-11D3-BF4B-00C04F79EFBC}") = "TEST-Methods.Opg3.1", "TEST-Methods.Opg3.1\TEST-Methods.Opg3.1.csproj", "{AA848951-64F8-41AA-B7C1-B840083C5F21}"
EndProject
Project("{FAE04EC0-301F-11D3-BF4B-00C04F79EFBC}") = "TEST-Methods.Opg3.2", "TEST-Methods.Opg3.2\TEST-Methods.Opg3.2.csproj", "{6840342F-8B00-42CC-B0F5-C3F557CA3C8F}"
EndProject
Global
	GlobalSection(SolutionConfigurationPlatforms) = preSolution
		Debug|Any CPU = Debug|Any CPU
		Release|Any CPU = Release|Any CPU
	EndGlobalSection
	GlobalSection(ProjectConfigurationPlatforms) = postSolution
		{18BA39A2-DF8A-4A26-9C31-67D84B6E8BEA}.Debug|Any CPU.ActiveCfg = Debug|Any CPU
		{18BA39A2-DF8A-4A26-9C31-67D84B6E8BEA}.Debug|Any CPU.Build.0 = Debug|Any CPU
		{18BA39A2-DF8A-4A26-9C31-67D84B6E8BEA}.Release|Any CPU.ActiveCfg = Release|Any CPU
		{18BA39A2-DF8A-4A26-9C31-67D84B6E8BEA}.Release|Any CPU.Build.0 = Release|Any CPU
		{C3E87713-446A-49F3-9CCA-7FBFDF069946}.Debug|Any CPU.ActiveCfg = Debug|Any CPU
		{C3E87713-446A-49F3-9CCA-7FBFDF069946}.Debug|Any CPU.Build.0 = Debug|Any CPU
		{C3E87713-446A-49F3-9CCA-7FBFDF069946}.Release|Any CPU.ActiveCfg = Release|Any CPU
		{C3E87713-446A-49F3-9CCA-7FBFDF069946}.Release|Any CPU.Build.0 = Release|Any CPU
		{6615F124-B237-429D-9065-A39523F1EF2A}.Debug|Any CPU.ActiveCfg = Debug|Any CPU
		{6615F124-B237-429D-9065-A39523F1EF2A}.Debug|Any CPU.Build.0 = Debug|Any CPU
		{6615F124-B237-429D-9065-A39523F1EF2A}.Release|Any CPU.ActiveCfg = Release|Any CPU
		{6615F124-B237-429D-9065-A39523F1EF2A}.Release|Any CPU.Build.0 = Release|Any CPU
		{23FDA1F4-DD4A-4293-83C3-342B2733F132}.Debug|Any CPU.ActiveCfg = Debug|Any CPU
		{23FDA1F4-DD4A-4293-83C3-342B2733F132}.Debug|Any CPU.Build.0 = Debug|Any CPU
		{23FDA1F4-DD4A-4293-83C3-342B2733F132}.Release|Any CPU.ActiveCfg = Release|Any CPU
		{23FDA1F4-DD4A-4293-83C3-342B2733F132}.Release|Any CPU.Build.0 = Release|Any CPU
		{D769E500-0D94-4C28-9F2D-B36279F2F517}.Debug|Any CPU.ActiveCfg = Debug|Any CPU
		{D769E500-0D94-4C28-9F2D-B36279F2F517}.Debug|Any CPU.Build.0 = Debug|Any CPU
		{D769E500-0D94-4C28-9F2D-B36279F2F517}.Release|Any CPU.ActiveCfg = Release|Any CPU
		{D769E500-0D94-4C28-9F2D-B36279F2F517}.Release|Any CPU.Build.0 = Release|Any CPU
		{83112ABD-316C-468D-8F31-18C0B2384B17}.Debug|Any CPU.ActiveCfg = Debug|Any CPU
		{83112ABD-316C-468D-8F31-18C0B2384B17}.Debug|Any CPU.Build.0 = Debug|Any CPU
		{83112ABD-316C-468D-8F31-18C0B2384B17}.Release|Any CPU.ActiveCfg = Release|Any CPU
		{83112ABD-316C-468D-8F31-18C0B2384B17}.Release|Any CPU.Build.0 = Release|Any CPU
		{1AAAC888-CF55-4C79-A400-925D56E3E947}.Debug|Any CPU.ActiveCfg = Debug|Any CPU
		{1AAAC888-CF55-4C79-A400-925D56E3E947}.Debug|Any CPU.Build.0 = Debug|Any CPU
		{1AAAC888-CF55-4C79-A400-925D56E3E947}.Release|Any CPU.ActiveCfg = Release|Any CPU
		{1AAAC888-CF55-4C79-A400-925D56E3E947}.Release|Any CPU.Build.0 = Release|Any CPU
		{8EF6F0BF-8B34-4F2A-9D9F-59363AC04E0B}.Debug|Any CPU.ActiveCfg = Debug|Any CPU
		{8EF6F0BF-8B34-4F2A-9D9F-59363AC04E0B}.Debug|Any CPU.Build.0 = Debug|Any CPU
		{8EF6F0BF-8B34-4F2A-9D9F-59363AC04E0B}.Release|Any CPU.ActiveCfg = Release|Any CPU
		{8EF6F0BF-8B34-4F2A-9D9F-59363AC04E0B}.Release|Any CPU.Build.0 = Release|Any CPU
		{25BCCA94-1FD6-42FA-B328-E92AB3F6CD44}.Debug|Any CPU.ActiveCfg = Debug|Any CPU
		{25BCCA94-1FD6-42FA-B328-E92AB3F6CD44}.Debug|Any CPU.Build.0 = Debug|Any CPU
		{25BCCA94-1FD6-42FA-B328-E92AB3F6CD44}.Release|Any CPU.ActiveCfg = Release|Any CPU
		{25BCCA94-1FD6-42FA-B328-E92AB3F6CD44}.Release|Any CPU.Build.0 = Release|Any CPU
		{40B001A2-EE46-4189-B1B6-1A2BC59934FE}.Debug|Any CPU.ActiveCfg = Debug|Any CPU
		{40B001A2-EE46-4189-B1B6-1A2BC59934FE}.Debug|Any CPU.Build.0 = Debug|Any CPU
		{40B001A2-EE46-4189-B1B6-1A2BC59934FE}.Release|Any CPU.ActiveCfg = Release|Any CPU
		{40B001A2-EE46-4189-B1B6-1A2BC59934FE}.Release|Any CPU.Build.0 = Release|Any CPU
		{2BF9ADE0-F23D-4498-B78E-99A69A6643FD}.Debug|Any CPU.ActiveCfg = Debug|Any CPU
		{2BF9ADE0-F23D-4498-B78E-99A69A6643FD}.Debug|Any CPU.Build.0 = Debug|Any CPU
		{2BF9ADE0-F23D-4498-B78E-99A69A6643FD}.Release|Any CPU.ActiveCfg = Release|Any CPU
		{2BF9ADE0-F23D-4498-B78E-99A69A6643FD}.Release|Any CPU.Build.0 = Release|Any CPU
		{7C277824-4B3F-405D-A845-C1FD11B0D110}.Debug|Any CPU.ActiveCfg = Debug|Any CPU
		{7C277824-4B3F-405D-A845-C1FD11B0D110}.Debug|Any CPU.Build.0 = Debug|Any CPU
		{7C277824-4B3F-405D-A845-C1FD11B0D110}.Release|Any CPU.ActiveCfg = Release|Any CPU
		{7C277824-4B3F-405D-A845-C1FD11B0D110}.Release|Any CPU.Build.0 = Release|Any CPU
		{C522FC95-5C53-4BEC-828A-FA6DA048D5FF}.Debug|Any CPU.ActiveCfg = Debug|Any CPU
		{C522FC95-5C53-4BEC-828A-FA6DA048D5FF}.Debug|Any CPU.Build.0 = Debug|Any CPU
		{C522FC95-5C53-4BEC-828A-FA6DA048D5FF}.Release|Any CPU.ActiveCfg = Release|Any CPU
		{C522FC95-5C53-4BEC-828A-FA6DA048D5FF}.Release|Any CPU.Build.0 = Release|Any CPU
		{1C707369-75D4-4578-889C-28A9AC7F24F7}.Debug|Any CPU.ActiveCfg = Debug|Any CPU
		{1C707369-75D4-4578-889C-28A9AC7F24F7}.Debug|Any CPU.Build.0 = Debug|Any CPU
		{1C707369-75D4-4578-889C-28A9AC7F24F7}.Release|Any CPU.ActiveCfg = Release|Any CPU
		{1C707369-75D4-4578-889C-28A9AC7F24F7}.Release|Any CPU.Build.0 = Release|Any CPU
		{216015EB-AB0C-478C-A727-035E77DD8830}.Debug|Any CPU.ActiveCfg = Debug|Any CPU
		{216015EB-AB0C-478C-A727-035E77DD8830}.Debug|Any CPU.Build.0 = Debug|Any CPU
		{216015EB-AB0C-478C-A727-035E77DD8830}.Release|Any CPU.ActiveCfg = Release|Any CPU
		{216015EB-AB0C-478C-A727-035E77DD8830}.Release|Any CPU.Build.0 = Release|Any CPU
		{C0BB13A5-2F8F-420D-AF23-25B055BF225E}.Debug|Any CPU.ActiveCfg = Debug|Any CPU
		{C0BB13A5-2F8F-420D-AF23-25B055BF225E}.Debug|Any CPU.Build.0 = Debug|Any CPU
		{C0BB13A5-2F8F-420D-AF23-25B055BF225E}.Release|Any CPU.ActiveCfg = Release|Any CPU
		{C0BB13A5-2F8F-420D-AF23-25B055BF225E}.Release|Any CPU.Build.0 = Release|Any CPU
		{1D6C8C9E-D72F-4DEA-9197-4F66F8374FD3}.Debug|Any CPU.ActiveCfg = Debug|Any CPU
		{1D6C8C9E-D72F-4DEA-9197-4F66F8374FD3}.Debug|Any CPU.Build.0 = Debug|Any CPU
		{1D6C8C9E-D72F-4DEA-9197-4F66F8374FD3}.Release|Any CPU.ActiveCfg = Release|Any CPU
		{1D6C8C9E-D72F-4DEA-9197-4F66F8374FD3}.Release|Any CPU.Build.0 = Release|Any CPU
		{5E23C8A9-D6EE-4F69-A5D1-327F8BAB2C86}.Debug|Any CPU.ActiveCfg = Debug|Any CPU
		{5E23C8A9-D6EE-4F69-A5D1-327F8BAB2C86}.Debug|Any CPU.Build.0 = Debug|Any CPU
		{5E23C8A9-D6EE-4F69-A5D1-327F8BAB2C86}.Release|Any CPU.ActiveCfg = Release|Any CPU
		{5E23C8A9-D6EE-4F69-A5D1-327F8BAB2C86}.Release|Any CPU.Build.0 = Release|Any CPU
		{86882187-7D9E-48F5-A909-760F6FDA8AF8}.Debug|Any CPU.ActiveCfg = Debug|Any CPU
		{86882187-7D9E-48F5-A909-760F6FDA8AF8}.Debug|Any CPU.Build.0 = Debug|Any CPU
		{86882187-7D9E-48F5-A909-760F6FDA8AF8}.Release|Any CPU.ActiveCfg = Release|Any CPU
		{86882187-7D9E-48F5-A909-760F6FDA8AF8}.Release|Any CPU.Build.0 = Release|Any CPU
		{3DBB4773-02FE-4442-9E22-6EEEB1E140C2}.Debug|Any CPU.ActiveCfg = Debug|Any CPU
		{3DBB4773-02FE-4442-9E22-6EEEB1E140C2}.Debug|Any CPU.Build.0 = Debug|Any CPU
		{3DBB4773-02FE-4442-9E22-6EEEB1E140C2}.Release|Any CPU.ActiveCfg = Release|Any CPU
		{3DBB4773-02FE-4442-9E22-6EEEB1E140C2}.Release|Any CPU.Build.0 = Release|Any CPU
		{CF041BB7-D013-4D55-AE0A-ECA7EFA9FF86}.Debug|Any CPU.ActiveCfg = Debug|Any CPU
		{CF041BB7-D013-4D55-AE0A-ECA7EFA9FF86}.Debug|Any CPU.Build.0 = Debug|Any CPU
		{CF041BB7-D013-4D55-AE0A-ECA7EFA9FF86}.Release|Any CPU.ActiveCfg = Release|Any CPU
		{CF041BB7-D013-4D55-AE0A-ECA7EFA9FF86}.Release|Any CPU.Build.0 = Release|Any CPU
		{B730ECDD-2894-421A-882C-CC5831277D70}.Debug|Any CPU.ActiveCfg = Debug|Any CPU
		{B730ECDD-2894-421A-882C-CC5831277D70}.Debug|Any CPU.Build.0 = Debug|Any CPU
		{B730ECDD-2894-421A-882C-CC5831277D70}.Release|Any CPU.ActiveCfg = Release|Any CPU
		{B730ECDD-2894-421A-882C-CC5831277D70}.Release|Any CPU.Build.0 = Release|Any CPU
		{3BA674E6-D485-48AC-9B22-BFCEACCBA489}.Debug|Any CPU.ActiveCfg = Debug|Any CPU
		{3BA674E6-D485-48AC-9B22-BFCEACCBA489}.Debug|Any CPU.Build.0 = Debug|Any CPU
		{3BA674E6-D485-48AC-9B22-BFCEACCBA489}.Release|Any CPU.ActiveCfg = Release|Any CPU
		{3BA674E6-D485-48AC-9B22-BFCEACCBA489}.Release|Any CPU.Build.0 = Release|Any CPU
		{3DC2DA3A-44BC-47CF-9575-C6AE9F9771A9}.Debug|Any CPU.ActiveCfg = Debug|Any CPU
		{3DC2DA3A-44BC-47CF-9575-C6AE9F9771A9}.Debug|Any CPU.Build.0 = Debug|Any CPU
		{3DC2DA3A-44BC-47CF-9575-C6AE9F9771A9}.Release|Any CPU.ActiveCfg = Release|Any CPU
		{3DC2DA3A-44BC-47CF-9575-C6AE9F9771A9}.Release|Any CPU.Build.0 = Release|Any CPU
		{AA848951-64F8-41AA-B7C1-B840083C5F21}.Debug|Any CPU.ActiveCfg = Debug|Any CPU
		{AA848951-64F8-41AA-B7C1-B840083C5F21}.Debug|Any CPU.Build.0 = Debug|Any CPU
		{AA848951-64F8-41AA-B7C1-B840083C5F21}.Release|Any CPU.ActiveCfg = Release|Any CPU
		{AA848951-64F8-41AA-B7C1-B840083C5F21}.Release|Any CPU.Build.0 = Release|Any CPU
		{6840342F-8B00-42CC-B0F5-C3F557CA3C8F}.Debug|Any CPU.ActiveCfg = Debug|Any CPU
		{6840342F-8B00-42CC-B0F5-C3F557CA3C8F}.Debug|Any CPU.Build.0 = Debug|Any CPU
		{6840342F-8B00-42CC-B0F5-C3F557CA3C8F}.Release|Any CPU.ActiveCfg = Release|Any CPU
		{6840342F-8B00-42CC-B0F5-C3F557CA3C8F}.Release|Any CPU.Build.0 = Release|Any CPU
	EndGlobalSection
	GlobalSection(SolutionProperties) = preSolution
		HideSolutionNode = FALSE
	EndGlobalSection
	GlobalSection(ExtensibilityGlobals) = postSolution
		SolutionGuid = {892473BB-A92F-4202-A27F-E496762EC39E}
	EndGlobalSection
EndGlobal
